
Microsoft Visual Studio Solution File, Format Version 12.00
# Visual Studio 2013
VisualStudioVersion = 12.0.21005.1
MinimumVisualStudioVersion = 10.0.40219.1
Project("{FAE04EC0-301F-11D3-BF4B-00C04F79EFBC}") = "DataProvider", "Database\DataProvider.csproj", "{888311C0-B17F-4B74-825A-DFCF73D16CF3}"
EndProject
Project("{FAE04EC0-301F-11D3-BF4B-00C04F79EFBC}") = "Test", "Test\Test.csproj", "{CC324851-3680-491A-A021-DB6D085A8432}"
EndProject
Global
	GlobalSection(SolutionConfigurationPlatforms) = preSolution
		Debug|Any CPU = Debug|Any CPU
		Release|Any CPU = Release|Any CPU
	EndGlobalSection
	GlobalSection(ProjectConfigurationPlatforms) = postSolution
		{888311C0-B17F-4B74-825A-DFCF73D16CF3}.Debug|Any CPU.ActiveCfg = Debug|Any CPU
		{888311C0-B17F-4B74-825A-DFCF73D16CF3}.Debug|Any CPU.Build.0 = Debug|Any CPU
		{888311C0-B17F-4B74-825A-DFCF73D16CF3}.Release|Any CPU.ActiveCfg = Release|Any CPU
		{888311C0-B17F-4B74-825A-DFCF73D16CF3}.Release|Any CPU.Build.0 = Release|Any CPU
		{CC324851-3680-491A-A021-DB6D085A8432}.Debug|Any CPU.ActiveCfg = Debug|Any CPU
		{CC324851-3680-491A-A021-DB6D085A8432}.Debug|Any CPU.Build.0 = Debug|Any CPU
		{CC324851-3680-491A-A021-DB6D085A8432}.Release|Any CPU.ActiveCfg = Release|Any CPU
		{CC324851-3680-491A-A021-DB6D085A8432}.Release|Any CPU.Build.0 = Release|Any CPU
	EndGlobalSection
	GlobalSection(SolutionProperties) = preSolution
		HideSolutionNode = FALSE
	EndGlobalSection
EndGlobal
